
Microsoft Visual Studio Solution File, Format Version 12.00
# Visual Studio Version 17
VisualStudioVersion = 17.12.35527.113
MinimumVisualStudioVersion = 10.0.40219.1
Project("{FAE04EC0-301F-11D3-BF4B-00C04F79EFBC}") = "NetCoreAI.Project01_ApiDemo", "NetCoreAI.Project1_ApiDemo\NetCoreAI.Project01_ApiDemo.csproj", "{A5663F3A-DDD1-436B-88C6-E73E6AD59E66}"
EndProject
Project("{FAE04EC0-301F-11D3-BF4B-00C04F79EFBC}") = "NetCoreAI.Project02_ApiConsumeUI", "NetCoreAI.Project2_ApiConsumeUI\NetCoreAI.Project02_ApiConsumeUI.csproj", "{ACDB2581-76C7-429C-BA82-74DB0A8C36F0}"
EndProject
Project("{FAE04EC0-301F-11D3-BF4B-00C04F79EFBC}") = "NetCoreAI.Project03_RapidApi", "NetCoreAI.Project3_RapidApi\NetCoreAI.Project03_RapidApi.csproj", "{52973790-7B89-4A68-B64C-58ED40269C41}"
EndProject
Project("{FAE04EC0-301F-11D3-BF4B-00C04F79EFBC}") = "NetCoreAI.Project04_OpenAIChat", "NetCoreAI.Project4_OpenAIChat\NetCoreAI.Project04_OpenAIChat.csproj", "{1268147B-EF94-481E-928D-24CD270F7406}"
EndProject
Project("{FAE04EC0-301F-11D3-BF4B-00C04F79EFBC}") = "NetCoreAI.Project05_OpenWhisperAudioTranskript", "NetCoreAI.Project05_OpenWhisperAudioTranskript\NetCoreAI.Project05_OpenWhisperAudioTranskript.csproj", "{0ADD3D08-B37A-461A-8666-1163416DE585}"
EndProject
Global
	GlobalSection(SolutionConfigurationPlatforms) = preSolution
		Debug|Any CPU = Debug|Any CPU
		Release|Any CPU = Release|Any CPU
	EndGlobalSection
	GlobalSection(ProjectConfigurationPlatforms) = postSolution
		{A5663F3A-DDD1-436B-88C6-E73E6AD59E66}.Debug|Any CPU.ActiveCfg = Debug|Any CPU
		{A5663F3A-DDD1-436B-88C6-E73E6AD59E66}.Debug|Any CPU.Build.0 = Debug|Any CPU
		{A5663F3A-DDD1-436B-88C6-E73E6AD59E66}.Release|Any CPU.ActiveCfg = Release|Any CPU
		{A5663F3A-DDD1-436B-88C6-E73E6AD59E66}.Release|Any CPU.Build.0 = Release|Any CPU
		{ACDB2581-76C7-429C-BA82-74DB0A8C36F0}.Debug|Any CPU.ActiveCfg = Debug|Any CPU
		{ACDB2581-76C7-429C-BA82-74DB0A8C36F0}.Debug|Any CPU.Build.0 = Debug|Any CPU
		{ACDB2581-76C7-429C-BA82-74DB0A8C36F0}.Release|Any CPU.ActiveCfg = Release|Any CPU
		{ACDB2581-76C7-429C-BA82-74DB0A8C36F0}.Release|Any CPU.Build.0 = Release|Any CPU
		{52973790-7B89-4A68-B64C-58ED40269C41}.Debug|Any CPU.ActiveCfg = Debug|Any CPU
		{52973790-7B89-4A68-B64C-58ED40269C41}.Debug|Any CPU.Build.0 = Debug|Any CPU
		{52973790-7B89-4A68-B64C-58ED40269C41}.Release|Any CPU.ActiveCfg = Release|Any CPU
		{52973790-7B89-4A68-B64C-58ED40269C41}.Release|Any CPU.Build.0 = Release|Any CPU
		{1268147B-EF94-481E-928D-24CD270F7406}.Debug|Any CPU.ActiveCfg = Debug|Any CPU
		{1268147B-EF94-481E-928D-24CD270F7406}.Debug|Any CPU.Build.0 = Debug|Any CPU
		{1268147B-EF94-481E-928D-24CD270F7406}.Release|Any CPU.ActiveCfg = Release|Any CPU
		{1268147B-EF94-481E-928D-24CD270F7406}.Release|Any CPU.Build.0 = Release|Any CPU
		{0ADD3D08-B37A-461A-8666-1163416DE585}.Debug|Any CPU.ActiveCfg = Debug|Any CPU
		{0ADD3D08-B37A-461A-8666-1163416DE585}.Debug|Any CPU.Build.0 = Debug|Any CPU
		{0ADD3D08-B37A-461A-8666-1163416DE585}.Release|Any CPU.ActiveCfg = Release|Any CPU
		{0ADD3D08-B37A-461A-8666-1163416DE585}.Release|Any CPU.Build.0 = Release|Any CPU
	EndGlobalSection
	GlobalSection(SolutionProperties) = preSolution
		HideSolutionNode = FALSE
	EndGlobalSection
	GlobalSection(ExtensibilityGlobals) = postSolution
		SolutionGuid = {BF6648B0-014E-4BFE-93FD-D03D7AD9C8BA}
	EndGlobalSection
EndGlobal
